{
  "name": "mesads",
  "lockfileVersion": 2,
  "requires": true,
  "packages": {
    "": {
      "dependencies": {
        "@gouvfr/dsfr": "^1.5.1"
      }
    },
    "node_modules/@gouvfr/dsfr": {
      "version": "1.7.0",
      "resolved": "https://registry.npmjs.org/@gouvfr/dsfr/-/dsfr-1.7.0.tgz",
      "integrity": "sha512-FMaB37SN5Zc5R5sryOGAnWRFQfmfbycHDV+656JCOKgAVKkzU1c5bjzjXTSsK2FtDbnog+qSHct2pGNQHlFDsQ==",
      "engines": {
        "node": ">=14.18.0"
      }
    }
  },
  "dependencies": {
    "@gouvfr/dsfr": {
      "version": "1.7.0",
      "resolved": "https://registry.npmjs.org/@gouvfr/dsfr/-/dsfr-1.7.0.tgz",
      "integrity": "sha512-FMaB37SN5Zc5R5sryOGAnWRFQfmfbycHDV+656JCOKgAVKkzU1c5bjzjXTSsK2FtDbnog+qSHct2pGNQHlFDsQ=="
    }
  }
}
