{
  "name": "mesads",
  "lockfileVersion": 3,
  "requires": true,
  "packages": {
    "": {
      "dependencies": {
        "@gouvfr/dsfr": "^1.5.1",
        "alpinejs": "^3.10.3",
        "leaflet": "^1.9.3"
      }
    },
    "node_modules/@gouvfr/dsfr": {
      "version": "1.8.5",
      "resolved": "https://registry.npmjs.org/@gouvfr/dsfr/-/dsfr-1.8.5.tgz",
      "integrity": "sha512-29L+THvWmYJXztPa0Os5TS9yD2WQbrH7VnCKxkyUXQZQ+6lsGebtz0GdCnLexOWDfCn1y53Mh7+/ihxI/z0Vjw==",
      "engines": {
        "node": ">=14.18.0"
      }
    },
    "node_modules/@vue/reactivity": {
      "version": "3.1.5",
      "resolved": "https://registry.npmjs.org/@vue/reactivity/-/reactivity-3.1.5.tgz",
      "integrity": "sha512-1tdfLmNjWG6t/CsPldh+foumYFo3cpyCHgBYQ34ylaMsJ+SNHQ1kApMIa8jN+i593zQuaw3AdWH0nJTARzCFhg==",
      "dependencies": {
        "@vue/shared": "3.1.5"
      }
    },
    "node_modules/@vue/shared": {
      "version": "3.1.5",
      "resolved": "https://registry.npmjs.org/@vue/shared/-/shared-3.1.5.tgz",
      "integrity": "sha512-oJ4F3TnvpXaQwZJNF3ZK+kLPHKarDmJjJ6jyzVNDKH9md1dptjC7lWR//jrGuLdek/U6iltWxqAnYOu8gCiOvA=="
    },
    "node_modules/alpinejs": {
      "version": "3.11.1",
      "resolved": "https://registry.npmjs.org/alpinejs/-/alpinejs-3.11.1.tgz",
      "integrity": "sha512-0Y+4WKQcEZrvpfS98qeSOXCPXFPorULQ+1hc8lQrx+1HHzkUofD4HzjTfz+wimA5tSsGnpXz/SoF2P9saiXZCw==",
      "dependencies": {
        "@vue/reactivity": "~3.1.1"
      }
    },
    "node_modules/leaflet": {
      "version": "1.9.3",
      "resolved": "https://registry.npmjs.org/leaflet/-/leaflet-1.9.3.tgz",
      "integrity": "sha512-iB2cR9vAkDOu5l3HAay2obcUHZ7xwUBBjph8+PGtmW/2lYhbLizWtG7nTeYht36WfOslixQF9D/uSIzhZgGMfQ=="
    }
  }
}
