{
  "name": "npm-proj-1656457097229-0.40790827183381717J53yyN",
  "lockfileVersion": 2,
  "requires": true,
  "packages": {
    "": {
      "dependencies": {
        "@gouvfr/dsfr": "^1.5.1"
      }
    },
    "node_modules/@gouvfr/dsfr": {
      "version": "1.5.1",
      "resolved": "https://registry.npmjs.org/@gouvfr/dsfr/-/dsfr-1.5.1.tgz",
      "integrity": "sha512-z0o1zD3zAzF3CTGWev2tSLHPv8yk52xq6QOuEuGulGfIze5N/Y3W+ScT+dKyZG8y/aOyX9T+O9wYnNH5XIGb0g==",
      "engines": {
        "node": ">=14.18.0"
      }
    }
  },
  "dependencies": {
    "@gouvfr/dsfr": {
      "version": "1.5.1",
      "resolved": "https://registry.npmjs.org/@gouvfr/dsfr/-/dsfr-1.5.1.tgz",
      "integrity": "sha512-z0o1zD3zAzF3CTGWev2tSLHPv8yk52xq6QOuEuGulGfIze5N/Y3W+ScT+dKyZG8y/aOyX9T+O9wYnNH5XIGb0g=="
    }
  }
}
